
Microsoft Visual Studio Solution File, Format Version 12.00
# Visual Studio 15
VisualStudioVersion = 15.0.27130.2027
MinimumVisualStudioVersion = 10.0.40219.1
Project("{FAE04EC0-301F-11D3-BF4B-00C04F79EFBC}") = "Reposed", "Reposed\Reposed.csproj", "{5537C7C6-6040-4255-955D-EBC831831FC0}"
EndProject
Project("{FAE04EC0-301F-11D3-BF4B-00C04F79EFBC}") = "Reposed.Models", "Reposed.Models\Reposed.Models.csproj", "{A4CF8C11-251A-4E83-80BF-6C9855467EF8}"
EndProject
Project("{FAE04EC0-301F-11D3-BF4B-00C04F79EFBC}") = "Reposed.Core", "Reposed.Core\Reposed.Core.csproj", "{68DFC7A5-3248-440A-9B1D-F10FE3BFC39C}"
EndProject
Project("{FAE04EC0-301F-11D3-BF4B-00C04F79EFBC}") = "Reposed.Plugins", "Reposed.Plugins\Reposed.Plugins.csproj", "{A2A356AE-462C-420B-A825-6C11B982B477}"
EndProject
Global
	GlobalSection(SolutionConfigurationPlatforms) = preSolution
		Debug|Any CPU = Debug|Any CPU
		Release|Any CPU = Release|Any CPU
	EndGlobalSection
	GlobalSection(ProjectConfigurationPlatforms) = postSolution
		{5537C7C6-6040-4255-955D-EBC831831FC0}.Debug|Any CPU.ActiveCfg = Debug|Any CPU
		{5537C7C6-6040-4255-955D-EBC831831FC0}.Debug|Any CPU.Build.0 = Debug|Any CPU
		{5537C7C6-6040-4255-955D-EBC831831FC0}.Release|Any CPU.ActiveCfg = Release|Any CPU
		{5537C7C6-6040-4255-955D-EBC831831FC0}.Release|Any CPU.Build.0 = Release|Any CPU
		{A4CF8C11-251A-4E83-80BF-6C9855467EF8}.Debug|Any CPU.ActiveCfg = Debug|Any CPU
		{A4CF8C11-251A-4E83-80BF-6C9855467EF8}.Debug|Any CPU.Build.0 = Debug|Any CPU
		{A4CF8C11-251A-4E83-80BF-6C9855467EF8}.Release|Any CPU.ActiveCfg = Release|Any CPU
		{A4CF8C11-251A-4E83-80BF-6C9855467EF8}.Release|Any CPU.Build.0 = Release|Any CPU
		{68DFC7A5-3248-440A-9B1D-F10FE3BFC39C}.Debug|Any CPU.ActiveCfg = Debug|Any CPU
		{68DFC7A5-3248-440A-9B1D-F10FE3BFC39C}.Debug|Any CPU.Build.0 = Debug|Any CPU
		{68DFC7A5-3248-440A-9B1D-F10FE3BFC39C}.Release|Any CPU.ActiveCfg = Release|Any CPU
		{68DFC7A5-3248-440A-9B1D-F10FE3BFC39C}.Release|Any CPU.Build.0 = Release|Any CPU
		{A2A356AE-462C-420B-A825-6C11B982B477}.Debug|Any CPU.ActiveCfg = Debug|Any CPU
		{A2A356AE-462C-420B-A825-6C11B982B477}.Debug|Any CPU.Build.0 = Debug|Any CPU
		{A2A356AE-462C-420B-A825-6C11B982B477}.Release|Any CPU.ActiveCfg = Release|Any CPU
		{A2A356AE-462C-420B-A825-6C11B982B477}.Release|Any CPU.Build.0 = Release|Any CPU
	EndGlobalSection
	GlobalSection(SolutionProperties) = preSolution
		HideSolutionNode = FALSE
	EndGlobalSection
	GlobalSection(ExtensibilityGlobals) = postSolution
		SolutionGuid = {820D8DB6-4DD6-41D4-981A-207CBBB81A64}
	EndGlobalSection
EndGlobal
